
Microsoft Visual Studio Solution File, Format Version 12.00
# Visual Studio 15
VisualStudioVersion = 15.0.27703.2035
MinimumVisualStudioVersion = 10.0.40219.1
Project("{FAE04EC0-301F-11D3-BF4B-00C04F79EFBC}") = "popQuiz", "popQuiz\popQuiz.csproj", "{7C447C53-C117-4FF4-A8F5-39FA7D248582}"
EndProject
Global
	GlobalSection(SolutionConfigurationPlatforms) = preSolution
		Debug|Any CPU = Debug|Any CPU
		Release|Any CPU = Release|Any CPU
	EndGlobalSection
	GlobalSection(ProjectConfigurationPlatforms) = postSolution
		{7C447C53-C117-4FF4-A8F5-39FA7D248582}.Debug|Any CPU.ActiveCfg = Debug|Any CPU
		{7C447C53-C117-4FF4-A8F5-39FA7D248582}.Debug|Any CPU.Build.0 = Debug|Any CPU
		{7C447C53-C117-4FF4-A8F5-39FA7D248582}.Release|Any CPU.ActiveCfg = Release|Any CPU
		{7C447C53-C117-4FF4-A8F5-39FA7D248582}.Release|Any CPU.Build.0 = Release|Any CPU
	EndGlobalSection
	GlobalSection(SolutionProperties) = preSolution
		HideSolutionNode = FALSE
	EndGlobalSection
	GlobalSection(ExtensibilityGlobals) = postSolution
		SolutionGuid = {E20F17AD-8C57-4A77-AB79-A6FE70B86538}
	EndGlobalSection
EndGlobal
