
Microsoft Visual Studio Solution File, Format Version 12.00
# Visual Studio 15
VisualStudioVersion = 15.0.27703.2035
MinimumVisualStudioVersion = 10.0.40219.1
Project("{FAE04EC0-301F-11D3-BF4B-00C04F79EFBC}") = "CompareThreeNumbers1", "CompareThreeNumbers1\CompareThreeNumbers1.csproj", "{BA3A0079-28DA-4F65-B923-7A622D07BC98}"
EndProject
Global
	GlobalSection(SolutionConfigurationPlatforms) = preSolution
		Debug|Any CPU = Debug|Any CPU
		Release|Any CPU = Release|Any CPU
	EndGlobalSection
	GlobalSection(ProjectConfigurationPlatforms) = postSolution
		{BA3A0079-28DA-4F65-B923-7A622D07BC98}.Debug|Any CPU.ActiveCfg = Debug|Any CPU
		{BA3A0079-28DA-4F65-B923-7A622D07BC98}.Debug|Any CPU.Build.0 = Debug|Any CPU
		{BA3A0079-28DA-4F65-B923-7A622D07BC98}.Release|Any CPU.ActiveCfg = Release|Any CPU
		{BA3A0079-28DA-4F65-B923-7A622D07BC98}.Release|Any CPU.Build.0 = Release|Any CPU
	EndGlobalSection
	GlobalSection(SolutionProperties) = preSolution
		HideSolutionNode = FALSE
	EndGlobalSection
	GlobalSection(ExtensibilityGlobals) = postSolution
		SolutionGuid = {194E2030-E226-4B79-AF1B-F57203F4D708}
	EndGlobalSection
EndGlobal
